
Microsoft Visual Studio Solution File, Format Version 12.00
# Visual Studio Version 16
VisualStudioVersion = 16.0.31112.23
MinimumVisualStudioVersion = 10.0.40219.1
Project("{FAE04EC0-301F-11D3-BF4B-00C04F79EFBC}") = "Casino oef", "Casino oef\Casino oef.csproj", "{C0587DCE-6841-4FBF-B81C-49A2C4A0688D}"
EndProject
Global
	GlobalSection(SolutionConfigurationPlatforms) = preSolution
		Debug|Any CPU = Debug|Any CPU
		Release|Any CPU = Release|Any CPU
	EndGlobalSection
	GlobalSection(ProjectConfigurationPlatforms) = postSolution
		{C0587DCE-6841-4FBF-B81C-49A2C4A0688D}.Debug|Any CPU.ActiveCfg = Debug|Any CPU
		{C0587DCE-6841-4FBF-B81C-49A2C4A0688D}.Debug|Any CPU.Build.0 = Debug|Any CPU
		{C0587DCE-6841-4FBF-B81C-49A2C4A0688D}.Release|Any CPU.ActiveCfg = Release|Any CPU
		{C0587DCE-6841-4FBF-B81C-49A2C4A0688D}.Release|Any CPU.Build.0 = Release|Any CPU
	EndGlobalSection
	GlobalSection(SolutionProperties) = preSolution
		HideSolutionNode = FALSE
	EndGlobalSection
	GlobalSection(ExtensibilityGlobals) = postSolution
		SolutionGuid = {AFBAF61E-7EB5-4835-94CD-5CAC5B77E527}
	EndGlobalSection
EndGlobal
